
Microsoft Visual Studio Solution File, Format Version 12.00
Project("{FAE04EC0-301F-11D3-BF4B-00C04F79EFBC}") = "UniversityBot", "UniversityBot\UniversityBot.csproj", "{5243D6CD-9678-4F16-BE92-A610C25FF140}"
EndProject
Project("{FAE04EC0-301F-11D3-BF4B-00C04F79EFBC}") = "ScheduleFilesDownloader", "ScheduleFilesDownloader\ScheduleFilesDownloader.csproj", "{ACD9F604-AE78-4B99-909F-7D71357E89DC}"
EndProject
Global
	GlobalSection(SolutionConfigurationPlatforms) = preSolution
		Debug|Any CPU = Debug|Any CPU
		Release|Any CPU = Release|Any CPU
	EndGlobalSection
	GlobalSection(ProjectConfigurationPlatforms) = postSolution
		{5243D6CD-9678-4F16-BE92-A610C25FF140}.Debug|Any CPU.ActiveCfg = Debug|Any CPU
		{5243D6CD-9678-4F16-BE92-A610C25FF140}.Debug|Any CPU.Build.0 = Debug|Any CPU
		{5243D6CD-9678-4F16-BE92-A610C25FF140}.Release|Any CPU.ActiveCfg = Release|Any CPU
		{5243D6CD-9678-4F16-BE92-A610C25FF140}.Release|Any CPU.Build.0 = Release|Any CPU
		{ACD9F604-AE78-4B99-909F-7D71357E89DC}.Debug|Any CPU.ActiveCfg = Debug|Any CPU
		{ACD9F604-AE78-4B99-909F-7D71357E89DC}.Debug|Any CPU.Build.0 = Debug|Any CPU
		{ACD9F604-AE78-4B99-909F-7D71357E89DC}.Release|Any CPU.ActiveCfg = Release|Any CPU
		{ACD9F604-AE78-4B99-909F-7D71357E89DC}.Release|Any CPU.Build.0 = Release|Any CPU
	EndGlobalSection
EndGlobal
